{
  "requires": true,
  "lockfileVersion": 1,
  "dependencies": {
    "eve": {
      "version": "0.5.4",
      "resolved": "https://registry.npmjs.org/eve/-/eve-0.5.4.tgz",
      "integrity": "sha1-Z9CAuXJSkdfjieNMJoYN2X8d66o="
    },
    "snapsvg": {
      "version": "0.5.1",
      "resolved": "https://registry.npmjs.org/snapsvg/-/snapsvg-0.5.1.tgz",
      "integrity": "sha1-DK9Sx5GJopB0b8RGzF6GP2vd3+M=",
      "requires": {
        "eve": "~0.5.1"
      }
    },
    "snapsvg-cjs": {
      "version": "0.0.6",
      "resolved": "https://registry.npmjs.org/snapsvg-cjs/-/snapsvg-cjs-0.0.6.tgz",
      "integrity": "sha1-Oy9WryVz09Nkw+1b+IhXRfTS3eE=",
      "requires": {
        "snapsvg": "0.5.1"
      }
    },
    "vott-ct": {
      "version": "2.2.1",
      "resolved": "https://registry.npmjs.org/vott-ct/-/vott-ct-2.2.1.tgz",
      "integrity": "sha512-ICV2bEqNOCeuH8mJHtHgBRrCckptZwjY8o68lNfDj3eAO5hANAti7hlVa15lWGiqa7e1qbFd5UmUD50b6Q5gQA==",
      "requires": {
        "snapsvg-cjs": "0.0.6"
      }
    }
  }
}
